
Microsoft Visual Studio Solution File, Format Version 12.00
# Visual Studio Version 17
VisualStudioVersion = 17.13.35828.75 d17.13
MinimumVisualStudioVersion = 10.0.40219.1
Project("{FAE04EC0-301F-11D3-BF4B-00C04F79EFBC}") = "GitGit", "GitGit.csproj", "{EFA77549-8601-47A2-97CB-3A97D2593525}"
EndProject
Global
	GlobalSection(SolutionConfigurationPlatforms) = preSolution
		Debug|Any CPU = Debug|Any CPU
		Release|Any CPU = Release|Any CPU
	EndGlobalSection
	GlobalSection(ProjectConfigurationPlatforms) = postSolution
		{EFA77549-8601-47A2-97CB-3A97D2593525}.Debug|Any CPU.ActiveCfg = Debug|Any CPU
		{EFA77549-8601-47A2-97CB-3A97D2593525}.Debug|Any CPU.Build.0 = Debug|Any CPU
		{EFA77549-8601-47A2-97CB-3A97D2593525}.Release|Any CPU.ActiveCfg = Release|Any CPU
		{EFA77549-8601-47A2-97CB-3A97D2593525}.Release|Any CPU.Build.0 = Release|Any CPU
	EndGlobalSection
	GlobalSection(SolutionProperties) = preSolution
		HideSolutionNode = FALSE
	EndGlobalSection
	GlobalSection(ExtensibilityGlobals) = postSolution
		SolutionGuid = {2EB19634-7A1A-4E91-8FD4-40F7DEB3F3BC}
	EndGlobalSection
EndGlobal
